Microsoft Visual Studio Solution File, Format Version 12.00
# Visual Studio Version 17
VisualStudioVersion = 17.13.35919.96 d17.13
MinimumVisualStudioVersion = 10.0.40219.1
Project("{FAE04EC0-301F-11D3-BF4B-00C04F79EFBC}") = "SmartCut", "SmartCut\SmartCut.csproj", "{C64C87B0-A9D1-4CA9-B929-2A970498A33A}"
EndProject
Project("{FAE04EC0-301F-11D3-BF4B-00C04F79EFBC}") = "SmartCut.Shared", "SmartCut.Shared\SmartCut.Shared.csproj", "{BA1C9985-EC21-484C-BD26-F67C442D30EA}"
EndProject
Project("{FAE04EC0-301F-11D3-BF4B-00C04F79EFBC}") = "SmartCut.Web", "SmartCut.Web\SmartCut.Web.csproj", "{5E1446C8-9B64-4C30-B778-6AD31AA0A3D1}"
EndProject
Global
	GlobalSection(SolutionConfigurationPlatforms) = preSolution
		Debug|Any CPU = Debug|Any CPU
		Release|Any CPU = Release|Any CPU
	EndGlobalSection
	GlobalSection(ProjectConfigurationPlatforms) = postSolution
		{C64C87B0-A9D1-4CA9-B929-2A970498A33A}.Debug|Any CPU.ActiveCfg = Debug|Any CPU
		{C64C87B0-A9D1-4CA9-B929-2A970498A33A}.Debug|Any CPU.Build.0 = Debug|Any CPU
		{C64C87B0-A9D1-4CA9-B929-2A970498A33A}.Release|Any CPU.ActiveCfg = Release|Any CPU
		{C64C87B0-A9D1-4CA9-B929-2A970498A33A}.Release|Any CPU.Build.0 = Release|Any CPU
		{BA1C9985-EC21-484C-BD26-F67C442D30EA}.Debug|Any CPU.ActiveCfg = Debug|Any CPU
		{BA1C9985-EC21-484C-BD26-F67C442D30EA}.Debug|Any CPU.Build.0 = Debug|Any CPU
		{BA1C9985-EC21-484C-BD26-F67C442D30EA}.Release|Any CPU.ActiveCfg = Release|Any CPU
		{BA1C9985-EC21-484C-BD26-F67C442D30EA}.Release|Any CPU.Build.0 = Release|Any CPU
		{5E1446C8-9B64-4C30-B778-6AD31AA0A3D1}.Debug|Any CPU.ActiveCfg = Debug|Any CPU
		{5E1446C8-9B64-4C30-B778-6AD31AA0A3D1}.Debug|Any CPU.Build.0 = Debug|Any CPU
		{5E1446C8-9B64-4C30-B778-6AD31AA0A3D1}.Release|Any CPU.ActiveCfg = Release|Any CPU
		{5E1446C8-9B64-4C30-B778-6AD31AA0A3D1}.Release|Any CPU.Build.0 = Release|Any CPU
	EndGlobalSection
	GlobalSection(SolutionProperties) = preSolution
		HideSolutionNode = FALSE
	EndGlobalSection
	GlobalSection(ExtensibilityGlobals) = postSolution
		SolutionGuid = {1AC76AFB-EB2A-4C6B-B4BB-64DF317249D9}
	EndGlobalSection
EndGlobal
